
Microsoft Visual Studio Solution File, Format Version 12.00
# Visual Studio Version 16
VisualStudioVersion = 16.0.30114.105
MinimumVisualStudioVersion = 10.0.40219.1
Project("{FAE04EC0-301F-11D3-BF4B-00C04F79EFBC}") = "StudentsRepositoryApp", "StudentsRepositoryApp\StudentsRepositoryApp.csproj", "{CA6EF8EE-0189-478E-960A-18E35EDE4FC4}"
EndProject
Global
	GlobalSection(SolutionConfigurationPlatforms) = preSolution
		Debug|Any CPU = Debug|Any CPU
		Release|Any CPU = Release|Any CPU
	EndGlobalSection
	GlobalSection(ProjectConfigurationPlatforms) = postSolution
		{CA6EF8EE-0189-478E-960A-18E35EDE4FC4}.Debug|Any CPU.ActiveCfg = Debug|Any CPU
		{CA6EF8EE-0189-478E-960A-18E35EDE4FC4}.Debug|Any CPU.Build.0 = Debug|Any CPU
		{CA6EF8EE-0189-478E-960A-18E35EDE4FC4}.Release|Any CPU.ActiveCfg = Release|Any CPU
		{CA6EF8EE-0189-478E-960A-18E35EDE4FC4}.Release|Any CPU.Build.0 = Release|Any CPU
	EndGlobalSection
	GlobalSection(SolutionProperties) = preSolution
		HideSolutionNode = FALSE
	EndGlobalSection
	GlobalSection(ExtensibilityGlobals) = postSolution
		SolutionGuid = {D3129001-719F-4C93-B323-26329BF7D0E7}
	EndGlobalSection
EndGlobal
